# generated by rye
# use `rye lock` or `rye sync` to update this lockfile
#
# last locked with the following flags:
#   pre: false
#   features: []
#   all-features: false
#   with-sources: false
#   generate-hashes: false
#   universal: false

-e file:.
et-xmlfile==1.1.0
    # via openpyxl
numpy==1.26.4
    # via pandas
openpyxl==3.1.5
    # via ve-til-isy
pandas==2.2.2
    # via ve-til-isy
pymssql==2.3.0
    # via ve-til-isy
python-dateutil==2.9.0.post0
    # via pandas
python-dotenv==1.0.1
    # via ve-til-isy
pytz==2024.1
    # via pandas
six==1.16.0
    # via python-dateutil
tomlkit==0.13.0
    # via ve-til-isy
tzdata==2024.1
    # via pandas
